
Microsoft Visual Studio Solution File, Format Version 12.00
# Visual Studio 15
VisualStudioVersion = 15.0.27428.2011
MinimumVisualStudioVersion = 10.0.40219.1
Project("{9A19103F-16F7-4668-BE54-9A1E7A4F7556}") = "HelseId.Common", "HelseId.Common\HelseId.Common.csproj", "{8BBA742B-E35E-47A7-8E25-23917ACF2768}"
EndProject
Project("{9A19103F-16F7-4668-BE54-9A1E7A4F7556}") = "HelseId.Models", "HelseId.Models\HelseId.Models.csproj", "{7F160D26-DB31-4B11-BA62-A82F2E721D9F}"
EndProject
Global
	GlobalSection(SolutionConfigurationPlatforms) = preSolution
		Debug|Any CPU = Debug|Any CPU
		Release|Any CPU = Release|Any CPU
	EndGlobalSection
	GlobalSection(ProjectConfigurationPlatforms) = postSolution
		{8BBA742B-E35E-47A7-8E25-23917ACF2768}.Debug|Any CPU.ActiveCfg = Debug|Any CPU
		{8BBA742B-E35E-47A7-8E25-23917ACF2768}.Debug|Any CPU.Build.0 = Debug|Any CPU
		{8BBA742B-E35E-47A7-8E25-23917ACF2768}.Release|Any CPU.ActiveCfg = Release|Any CPU
		{8BBA742B-E35E-47A7-8E25-23917ACF2768}.Release|Any CPU.Build.0 = Release|Any CPU
		{7F160D26-DB31-4B11-BA62-A82F2E721D9F}.Debug|Any CPU.ActiveCfg = Debug|Any CPU
		{7F160D26-DB31-4B11-BA62-A82F2E721D9F}.Debug|Any CPU.Build.0 = Debug|Any CPU
		{7F160D26-DB31-4B11-BA62-A82F2E721D9F}.Release|Any CPU.ActiveCfg = Release|Any CPU
		{7F160D26-DB31-4B11-BA62-A82F2E721D9F}.Release|Any CPU.Build.0 = Release|Any CPU
	EndGlobalSection
	GlobalSection(SolutionProperties) = preSolution
		HideSolutionNode = FALSE
	EndGlobalSection
	GlobalSection(ExtensibilityGlobals) = postSolution
		SolutionGuid = {6F31DEB8-04DA-4617-B618-0035DC1767C0}
	EndGlobalSection
EndGlobal
